<?xml version="1.0" encoding="utf-8"?>
<Project ToolsVersion="4.0" xmlns="http://schemas.microsoft.com/developer/msbuild/2003">
  <ItemGroup>
    <Filter Include="imgui">
      <UniqueIdentifier>{0098A80F-6CAC-D0C0-352E-7420A101CDF1}</UniqueIdentifier>
    </Filter>
  </ItemGroup>
  <ItemGroup>
    <ClInclude Include="allocator.hpp" />
    <ClInclude Include="angle.hpp" />
    <ClInclude Include="context_helpers.hxx" />
    <ClInclude Include="error.hpp" />
    <ClInclude Include="to_string.hpp" />
    <ClInclude Include="vkbuffer.hpp" />
    <ClInclude Include="vkimage.hpp" />
    <ClInclude Include="vkobject.hpp" />
    <ClInclude Include="vkutil.hpp" />
    <ClInclude Include="vulkan_context.hpp" />
    <ClInclude Include="vulkan_window.hpp" />
  </ItemGroup>
  <ItemGroup>
    <ClCompile Include="allocator.cpp" />
    <ClCompile Include="context_helpers.cpp" />
    <ClCompile Include="error.cpp" />
    <ClCompile Include="imgui\imgui.cpp">
      <Filter>imgui</Filter>
    </ClCompile>
    <ClCompile Include="imgui\imgui_demo.cpp">
      <Filter>imgui</Filter>
    </ClCompile>
    <ClCompile Include="imgui\imgui_draw.cpp">
      <Filter>imgui</Filter>
    </ClCompile>
    <ClCompile Include="imgui\imgui_impl_glfw.cpp">
      <Filter>imgui</Filter>
    </ClCompile>
    <ClCompile Include="imgui\imgui_impl_vulkan.cpp">
      <Filter>imgui</Filter>
    </ClCompile>
    <ClCompile Include="imgui\imgui_tables.cpp">
      <Filter>imgui</Filter>
    </ClCompile>
    <ClCompile Include="imgui\imgui_widgets.cpp">
      <Filter>imgui</Filter>
    </ClCompile>
    <ClCompile Include="to_string.cpp" />
    <ClCompile Include="vkbuffer.cpp" />
    <ClCompile Include="vkimage.cpp" />
    <ClCompile Include="vkobject.cpp" />
    <ClCompile Include="vkutil.cpp" />
    <ClCompile Include="vulkan_context.cpp" />
    <ClCompile Include="vulkan_window.cpp" />
  </ItemGroup>
</Project>